
Microsoft Visual Studio Solution File, Format Version 12.00
# Visual Studio Version 17
VisualStudioVersion = 17.8.34316.72
MinimumVisualStudioVersion = 10.0.40219.1
Project("{FAE04EC0-301F-11D3-BF4B-00C04F79EFBC}") = "Lab4", "Lab4\Lab4.csproj", "{DEC9AEEF-AF96-4E9D-9561-76A72F541C17}"
EndProject
Global
	GlobalSection(SolutionConfigurationPlatforms) = preSolution
		Debug|Any CPU = Debug|Any CPU
		Release|Any CPU = Release|Any CPU
	EndGlobalSection
	GlobalSection(ProjectConfigurationPlatforms) = postSolution
		{DEC9AEEF-AF96-4E9D-9561-76A72F541C17}.Debug|Any CPU.ActiveCfg = Debug|Any CPU
		{DEC9AEEF-AF96-4E9D-9561-76A72F541C17}.Debug|Any CPU.Build.0 = Debug|Any CPU
		{DEC9AEEF-AF96-4E9D-9561-76A72F541C17}.Release|Any CPU.ActiveCfg = Release|Any CPU
		{DEC9AEEF-AF96-4E9D-9561-76A72F541C17}.Release|Any CPU.Build.0 = Release|Any CPU
	EndGlobalSection
	GlobalSection(SolutionProperties) = preSolution
		HideSolutionNode = FALSE
	EndGlobalSection
	GlobalSection(ExtensibilityGlobals) = postSolution
		SolutionGuid = {DD6BB1DF-7355-4D4A-A4B1-4EBE099C2414}
	EndGlobalSection
EndGlobal
